
Microsoft Visual Studio Solution File, Format Version 12.00
# Visual Studio Version 16
VisualStudioVersion = 16.0.31410.357
MinimumVisualStudioVersion = 10.0.40219.1
Project("{FAE04EC0-301F-11D3-BF4B-00C04F79EFBC}") = "ejercicios practicos", "practico_1\ejercicios practicos.csproj", "{0EF45DC9-1CE0-40E4-BF81-EE65A8712014}"
EndProject
Global
	GlobalSection(SolutionConfigurationPlatforms) = preSolution
		Debug|Any CPU = Debug|Any CPU
		Release|Any CPU = Release|Any CPU
	EndGlobalSection
	GlobalSection(ProjectConfigurationPlatforms) = postSolution
		{0EF45DC9-1CE0-40E4-BF81-EE65A8712014}.Debug|Any CPU.ActiveCfg = Debug|Any CPU
		{0EF45DC9-1CE0-40E4-BF81-EE65A8712014}.Debug|Any CPU.Build.0 = Debug|Any CPU
		{0EF45DC9-1CE0-40E4-BF81-EE65A8712014}.Release|Any CPU.ActiveCfg = Release|Any CPU
		{0EF45DC9-1CE0-40E4-BF81-EE65A8712014}.Release|Any CPU.Build.0 = Release|Any CPU
	EndGlobalSection
	GlobalSection(SolutionProperties) = preSolution
		HideSolutionNode = FALSE
	EndGlobalSection
	GlobalSection(ExtensibilityGlobals) = postSolution
		SolutionGuid = {4ADEDC82-42BD-4491-A677-7AB5AED1DC00}
	EndGlobalSection
EndGlobal
